// !$*UTF8*$!
{
	archiveVersion = 1;
	classes = {
	};
	objectVersion = 50;
	objects = {

/* Begin PBXBuildFile section */
		50156C74240DAAB400F4B8D3 /* EntrySummaryCell.swift in Sources */ = {isa = PBXBuildFile; fileRef = 50156C72240DAAB400F4B8D3 /* EntrySummaryCell.swift */; };
		50156C75240DAAB400F4B8D3 /* EntrySummaryCell.xib in Resources */ = {isa = PBXBuildFile; fileRef = 50156C73240DAAB400F4B8D3 /* EntrySummaryCell.xib */; };
		50918841240D995D00E54D13 /* AppDelegate.swift in Sources */ = {isa = PBXBuildFile; fileRef = 50918840240D995D00E54D13 /* AppDelegate.swift */; };
		50918843240D995D00E54D13 /* SceneDelegate.swift in Sources */ = {isa = PBXBuildFile; fileRef = 50918842240D995D00E54D13 /* SceneDelegate.swift */; };
		50918845240D995D00E54D13 /* ViewController.swift in Sources */ = {isa = PBXBuildFile; fileRef = 50918844240D995D00E54D13 /* ViewController.swift */; };
		50918848240D995D00E54D13 /* Main.storyboard in Resources */ = {isa = PBXBuildFile; fileRef = 50918846240D995D00E54D13 /* Main.storyboard */; };
		5091884B240D995D00E54D13 /* WTC.xcdatamodeld in Sources */ = {isa = PBXBuildFile; fileRef = 50918849240D995D00E54D13 /* WTC.xcdatamodeld */; };
		5091884D240D996100E54D13 /* Assets.xcassets in Resources */ = {isa = PBXBuildFile; fileRef = 5091884C240D996100E54D13 /* Assets.xcassets */; };
		50918850240D996100E54D13 /* LaunchScreen.storyboard in Resources */ = {isa = PBXBuildFile; fileRef = 5091884E240D996100E54D13 /* LaunchScreen.storyboard */; };
		5091885B240D996100E54D13 /* WTCTests.swift in Sources */ = {isa = PBXBuildFile; fileRef = 5091885A240D996100E54D13 /* WTCTests.swift */; };
		50918866240D996100E54D13 /* WTCUITests.swift in Sources */ = {isa = PBXBuildFile; fileRef = 50918865240D996100E54D13 /* WTCUITests.swift */; };
		50CC8834240E491200FB74A7 /* InsertCell.swift in Sources */ = {isa = PBXBuildFile; fileRef = 50CC8832240E491200FB74A7 /* InsertCell.swift */; };
		50CC8835240E491200FB74A7 /* InsertCell.xib in Resources */ = {isa = PBXBuildFile; fileRef = 50CC8833240E491200FB74A7 /* InsertCell.xib */; };
		50CC8839240E4D7300FB74A7 /* AddViewController.swift in Sources */ = {isa = PBXBuildFile; fileRef = 50CC8838240E4D7300FB74A7 /* AddViewController.swift */; };
		50CC883B240E51BA00FB74A7 /* FieldViewController.swift in Sources */ = {isa = PBXBuildFile; fileRef = 50CC883A240E51BA00FB74A7 /* FieldViewController.swift */; };
		50CC883E240E552F00FB74A7 /* FieldCell.swift in Sources */ = {isa = PBXBuildFile; fileRef = 50CC883C240E552F00FB74A7 /* FieldCell.swift */; };
		50CC883F240E552F00FB74A7 /* FieldCell.xib in Resources */ = {isa = PBXBuildFile; fileRef = 50CC883D240E552F00FB74A7 /* FieldCell.xib */; };
		50CC8842240E590E00FB74A7 /* EntryClass.swift in Sources */ = {isa = PBXBuildFile; fileRef = 50CC8841240E590E00FB74A7 /* EntryClass.swift */; };
		50CC8844240E754900FB74A7 /* CustomNotifications.swift in Sources */ = {isa = PBXBuildFile; fileRef = 50CC8843240E754900FB74A7 /* CustomNotifications.swift */; };
		50D7ED36240DB15F00DADDC2 /* DetailViewController.swift in Sources */ = {isa = PBXBuildFile; fileRef = 50D7ED35240DB15F00DADDC2 /* DetailViewController.swift */; };
/* End PBXBuildFile section */

/* Begin PBXContainerItemProxy section */
		50918857240D996100E54D13 /* PBXContainerItemProxy */ = {
			isa = PBXContainerItemProxy;
			containerPortal = 50918835240D995D00E54D13 /* Project object */;
			proxyType = 1;
			remoteGlobalIDString = 5091883C240D995D00E54D13;
			remoteInfo = WTC;
		};
		50918862240D996100E54D13 /* PBXContainerItemProxy */ = {
			isa = PBXContainerItemProxy;
			containerPortal = 50918835240D995D00E54D13 /* Project object */;
			proxyType = 1;
			remoteGlobalIDString = 5091883C240D995D00E54D13;
			remoteInfo = WTC;
		};
/* End PBXContainerItemProxy section */

/* Begin PBXFileReference section */
		50156C72240DAAB400F4B8D3 /* EntrySummaryCell.swift */ = {isa = PBXFileReference; lastKnownFileType = sourcecode.swift; path = EntrySummaryCell.swift; sourceTree = "<group>"; };
		50156C73240DAAB400F4B8D3 /* EntrySummaryCell.xib */ = {isa = PBXFileReference; lastKnownFileType = file.xib; path = EntrySummaryCell.xib; sourceTree = "<group>"; };
		5091883D240D995D00E54D13 /* WTC.app */ = {isa = PBXFileReference; explicitFileType = wrapper.application; includeInIndex = 0; path = WTC.app; sourceTree = BUILT_PRODUCTS_DIR; };
		50918840240D995D00E54D13 /* AppDelegate.swift */ = {isa = PBXFileReference; lastKnownFileType = sourcecode.swift; path = AppDelegate.swift; sourceTree = "<group>"; };
		50918842240D995D00E54D13 /* SceneDelegate.swift */ = {isa = PBXFileReference; lastKnownFileType = sourcecode.swift; path = SceneDelegate.swift; sourceTree = "<group>"; };
		50918844240D995D00E54D13 /* ViewController.swift */ = {isa = PBXFileReference; lastKnownFileType = sourcecode.swift; path = ViewController.swift; sourceTree = "<group>"; };
		50918847240D995D00E54D13 /* Base */ = {isa = PBXFileReference; lastKnownFileType = file.storyboard; name = Base; path = Base.lproj/Main.storyboard; sourceTree = "<group>"; };
		5091884A240D995D00E54D13 /* WTC.xcdatamodel */ = {isa = PBXFileReference; lastKnownFileType = wrapper.xcdatamodel; path = WTC.xcdatamodel; sourceTree = "<group>"; };
		5091884C240D996100E54D13 /* Assets.xcassets */ = {isa = PBXFileReference; lastKnownFileType = folder.assetcatalog; path = Assets.xcassets; sourceTree = "<group>"; };
		5091884F240D996100E54D13 /* Base */ = {isa = PBXFileReference; lastKnownFileType = file.storyboard; name = Base; path = Base.lproj/LaunchScreen.storyboard; sourceTree = "<group>"; };
		50918851240D996100E54D13 /* Info.plist */ = {isa = PBXFileReference; lastKnownFileType = text.plist.xml; path = Info.plist; sourceTree = "<group>"; };
		50918856240D996100E54D13 /* WTCTests.xctest */ = {isa = PBXFileReference; explicitFileType = wrapper.cfbundle; includeInIndex = 0; path = WTCTests.xctest; sourceTree = BUILT_PRODUCTS_DIR; };
		5091885A240D996100E54D13 /* WTCTests.swift */ = {isa = PBXFileReference; lastKnownFileType = sourcecode.swift; path = WTCTests.swift; sourceTree = "<group>"; };
		5091885C240D996100E54D13 /* Info.plist */ = {isa = PBXFileReference; lastKnownFileType = text.plist.xml; path = Info.plist; sourceTree = "<group>"; };
		50918861240D996100E54D13 /* WTCUITests.xctest */ = {isa = PBXFileReference; explicitFileType = wrapper.cfbundle; includeInIndex = 0; path = WTCUITests.xctest; sourceTree = BUILT_PRODUCTS_DIR; };
		50918865240D996100E54D13 /* WTCUITests.swift */ = {isa = PBXFileReference; lastKnownFileType = sourcecode.swift; path = WTCUITests.swift; sourceTree = "<group>"; };
		50918867240D996100E54D13 /* Info.plist */ = {isa = PBXFileReference; lastKnownFileType = text.plist.xml; path = Info.plist; sourceTree = "<group>"; };
		50CC8832240E491200FB74A7 /* InsertCell.swift */ = {isa = PBXFileReference; lastKnownFileType = sourcecode.swift; path = InsertCell.swift; sourceTree = "<group>"; };
		50CC8833240E491200FB74A7 /* InsertCell.xib */ = {isa = PBXFileReference; lastKnownFileType = file.xib; path = InsertCell.xib; sourceTree = "<group>"; };
		50CC8838240E4D7300FB74A7 /* AddViewController.swift */ = {isa = PBXFileReference; lastKnownFileType = sourcecode.swift; path = AddViewController.swift; sourceTree = "<group>"; };
		50CC883A240E51BA00FB74A7 /* FieldViewController.swift */ = {isa = PBXFileReference; lastKnownFileType = sourcecode.swift; path = FieldViewController.swift; sourceTree = "<group>"; };
		50CC883C240E552F00FB74A7 /* FieldCell.swift */ = {isa = PBXFileReference; lastKnownFileType = sourcecode.swift; path = FieldCell.swift; sourceTree = "<group>"; };
		50CC883D240E552F00FB74A7 /* FieldCell.xib */ = {isa = PBXFileReference; lastKnownFileType = file.xib; path = FieldCell.xib; sourceTree = "<group>"; };
		50CC8841240E590E00FB74A7 /* EntryClass.swift */ = {isa = PBXFileReference; lastKnownFileType = sourcecode.swift; path = EntryClass.swift; sourceTree = "<group>"; };
		50CC8843240E754900FB74A7 /* CustomNotifications.swift */ = {isa = PBXFileReference; lastKnownFileType = sourcecode.swift; path = CustomNotifications.swift; sourceTree = "<group>"; };
		50D7ED35240DB15F00DADDC2 /* DetailViewController.swift */ = {isa = PBXFileReference; lastKnownFileType = sourcecode.swift; path = DetailViewController.swift; sourceTree = "<group>"; };
/* End PBXFileReference section */

/* Begin PBXFrameworksBuildPhase section */
		5091883A240D995D00E54D13 /* Frameworks */ = {
			isa = PBXFrameworksBuildPhase;
			buildActionMask = 2147483647;
			files = (
			);
			runOnlyForDeploymentPostprocessing = 0;
		};
		50918853240D996100E54D13 /* Frameworks */ = {
			isa = PBXFrameworksBuildPhase;
			buildActionMask = 2147483647;
			files = (
			);
			runOnlyForDeploymentPostprocessing = 0;
		};
		5091885E240D996100E54D13 /* Frameworks */ = {
			isa = PBXFrameworksBuildPhase;
			buildActionMask = 2147483647;
			files = (
			);
			runOnlyForDeploymentPostprocessing = 0;
		};
/* End PBXFrameworksBuildPhase section */

/* Begin PBXGroup section */
		50156C76240DAABD00F4B8D3 /* EntrySummaryCell */ = {
			isa = PBXGroup;
			children = (
				50156C72240DAAB400F4B8D3 /* EntrySummaryCell.swift */,
				50156C73240DAAB400F4B8D3 /* EntrySummaryCell.xib */,
			);
			path = EntrySummaryCell;
			sourceTree = "<group>";
		};
		50918834240D995D00E54D13 = {
			isa = PBXGroup;
			children = (
				5091883F240D995D00E54D13 /* WTC */,
				50918859240D996100E54D13 /* WTCTests */,
				50918864240D996100E54D13 /* WTCUITests */,
				5091883E240D995D00E54D13 /* Products */,
			);
			sourceTree = "<group>";
		};
		5091883E240D995D00E54D13 /* Products */ = {
			isa = PBXGroup;
			children = (
				5091883D240D995D00E54D13 /* WTC.app */,
				50918856240D996100E54D13 /* WTCTests.xctest */,
				50918861240D996100E54D13 /* WTCUITests.xctest */,
			);
			name = Products;
			sourceTree = "<group>";
		};
		5091883F240D995D00E54D13 /* WTC */ = {
			isa = PBXGroup;
			children = (
				50CC8845240E755000FB74A7 /* Utils */,
				50918877240DA29900E54D13 /* CoreData */,
				50CC8837240E492300FB74A7 /* Cells */,
				50CC8846240E756100FB74A7 /* ViewControllers */,
				50918840240D995D00E54D13 /* AppDelegate.swift */,
				50918842240D995D00E54D13 /* SceneDelegate.swift */,
				50918846240D995D00E54D13 /* Main.storyboard */,
				5091884C240D996100E54D13 /* Assets.xcassets */,
				5091884E240D996100E54D13 /* LaunchScreen.storyboard */,
				50918851240D996100E54D13 /* Info.plist */,
			);
			path = WTC;
			sourceTree = "<group>";
		};
		50918859240D996100E54D13 /* WTCTests */ = {
			isa = PBXGroup;
			children = (
				5091885A240D996100E54D13 /* WTCTests.swift */,
				5091885C240D996100E54D13 /* Info.plist */,
			);
			path = WTCTests;
			sourceTree = "<group>";
		};
		50918864240D996100E54D13 /* WTCUITests */ = {
			isa = PBXGroup;
			children = (
				50918865240D996100E54D13 /* WTCUITests.swift */,
				50918867240D996100E54D13 /* Info.plist */,
			);
			path = WTCUITests;
			sourceTree = "<group>";
		};
		50918877240DA29900E54D13 /* CoreData */ = {
			isa = PBXGroup;
			children = (
				50918849240D995D00E54D13 /* WTC.xcdatamodeld */,
			);
			path = CoreData;
			sourceTree = "<group>";
		};
		50CC8836240E491700FB74A7 /* InsertCell */ = {
			isa = PBXGroup;
			children = (
				50CC8832240E491200FB74A7 /* InsertCell.swift */,
				50CC8833240E491200FB74A7 /* InsertCell.xib */,
			);
			path = InsertCell;
			sourceTree = "<group>";
		};
		50CC8837240E492300FB74A7 /* Cells */ = {
			isa = PBXGroup;
			children = (
				50156C76240DAABD00F4B8D3 /* EntrySummaryCell */,
				50CC8836240E491700FB74A7 /* InsertCell */,
				50CC8840240E553500FB74A7 /* FieldCell */,
			);
			path = Cells;
			sourceTree = "<group>";
		};
		50CC8840240E553500FB74A7 /* FieldCell */ = {
			isa = PBXGroup;
			children = (
				50CC883C240E552F00FB74A7 /* FieldCell.swift */,
				50CC883D240E552F00FB74A7 /* FieldCell.xib */,
			);
			path = FieldCell;
			sourceTree = "<group>";
		};
		50CC8845240E755000FB74A7 /* Utils */ = {
			isa = PBXGroup;
			children = (
				50CC8843240E754900FB74A7 /* CustomNotifications.swift */,
				50CC8841240E590E00FB74A7 /* EntryClass.swift */,
			);
			path = Utils;
			sourceTree = "<group>";
		};
		50CC8846240E756100FB74A7 /* ViewControllers */ = {
			isa = PBXGroup;
			children = (
				50918844240D995D00E54D13 /* ViewController.swift */,
				50CC883A240E51BA00FB74A7 /* FieldViewController.swift */,
				50CC8838240E4D7300FB74A7 /* AddViewController.swift */,
				50D7ED35240DB15F00DADDC2 /* DetailViewController.swift */,
			);
			path = ViewControllers;
			sourceTree = "<group>";
		};
/* End PBXGroup section */

/* Begin PBXNativeTarget section */
		5091883C240D995D00E54D13 /* WTC */ = {
			isa = PBXNativeTarget;
			buildConfigurationList = 5091886A240D996100E54D13 /* Build configuration list for PBXNativeTarget "WTC" */;
			buildPhases = (
				50918839240D995D00E54D13 /* Sources */,
				5091883A240D995D00E54D13 /* Frameworks */,
				5091883B240D995D00E54D13 /* Resources */,
			);
			buildRules = (
			);
			dependencies = (
			);
			name = WTC;
			productName = WTC;
			productReference = 5091883D240D995D00E54D13 /* WTC.app */;
			productType = "com.apple.product-type.application";
		};
		50918855240D996100E54D13 /* WTCTests */ = {
			isa = PBXNativeTarget;
			buildConfigurationList = 5091886D240D996100E54D13 /* Build configuration list for PBXNativeTarget "WTCTests" */;
			buildPhases = (
				50918852240D996100E54D13 /* Sources */,
				50918853240D996100E54D13 /* Frameworks */,
				50918854240D996100E54D13 /* Resources */,
			);
			buildRules = (
			);
			dependencies = (
				50918858240D996100E54D13 /* PBXTargetDependency */,
			);
			name = WTCTests;
			productName = WTCTests;
			productReference = 50918856240D996100E54D13 /* WTCTests.xctest */;
			productType = "com.apple.product-type.bundle.unit-test";
		};
		50918860240D996100E54D13 /* WTCUITests */ = {
			isa = PBXNativeTarget;
			buildConfigurationList = 50918870240D996100E54D13 /* Build configuration list for PBXNativeTarget "WTCUITests" */;
			buildPhases = (
				5091885D240D996100E54D13 /* Sources */,
				5091885E240D996100E54D13 /* Frameworks */,
				5091885F240D996100E54D13 /* Resources */,
			);
			buildRules = (
			);
			dependencies = (
				50918863240D996100E54D13 /* PBXTargetDependency */,
			);
			name = WTCUITests;
			productName = WTCUITests;
			productReference = 50918861240D996100E54D13 /* WTCUITests.xctest */;
			productType = "com.apple.product-type.bundle.ui-testing";
		};
/* End PBXNativeTarget section */

/* Begin PBXProject section */
		50918835240D995D00E54D13 /* Project object */ = {
			isa = PBXProject;
			attributes = {
				LastSwiftUpdateCheck = 1130;
				LastUpgradeCheck = 1130;
				ORGANIZATIONNAME = "Lorenzo Ferrante";
				TargetAttributes = {
					5091883C240D995D00E54D13 = {
						CreatedOnToolsVersion = 11.3.1;
					};
					50918855240D996100E54D13 = {
						CreatedOnToolsVersion = 11.3.1;
						TestTargetID = 5091883C240D995D00E54D13;
					};
					50918860240D996100E54D13 = {
						CreatedOnToolsVersion = 11.3.1;
						TestTargetID = 5091883C240D995D00E54D13;
					};
				};
			};
			buildConfigurationList = 50918838240D995D00E54D13 /* Build configuration list for PBXProject "WTC" */;
			compatibilityVersion = "Xcode 9.3";
			developmentRegion = en;
			hasScannedForEncodings = 0;
			knownRegions = (
				en,
				Base,
			);
			mainGroup = 50918834240D995D00E54D13;
			productRefGroup = 5091883E240D995D00E54D13 /* Products */;
			projectDirPath = "";
			projectRoot = "";
			targets = (
				5091883C240D995D00E54D13 /* WTC */,
				50918855240D996100E54D13 /* WTCTests */,
				50918860240D996100E54D13 /* WTCUITests */,
			);
		};
/* End PBXProject section */

/* Begin PBXResourcesBuildPhase section */
		5091883B240D995D00E54D13 /* Resources */ = {
			isa = PBXResourcesBuildPhase;
			buildActionMask = 2147483647;
			files = (
				50CC8835240E491200FB74A7 /* InsertCell.xib in Resources */,
				50918850240D996100E54D13 /* LaunchScreen.storyboard in Resources */,
				50156C75240DAAB400F4B8D3 /* EntrySummaryCell.xib in Resources */,
				5091884D240D996100E54D13 /* Assets.xcassets in Resources */,
				50CC883F240E552F00FB74A7 /* FieldCell.xib in Resources */,
				50918848240D995D00E54D13 /* Main.storyboard in Resources */,
			);
			runOnlyForDeploymentPostprocessing = 0;
		};
		50918854240D996100E54D13 /* Resources */ = {
			isa = PBXResourcesBuildPhase;
			buildActionMask = 2147483647;
			files = (
			);
			runOnlyForDeploymentPostprocessing = 0;
		};
		5091885F240D996100E54D13 /* Resources */ = {
			isa = PBXResourcesBuildPhase;
			buildActionMask = 2147483647;
			files = (
			);
			runOnlyForDeploymentPostprocessing = 0;
		};
/* End PBXResourcesBuildPhase section */

/* Begin PBXSourcesBuildPhase section */
		50918839240D995D00E54D13 /* Sources */ = {
			isa = PBXSourcesBuildPhase;
			buildActionMask = 2147483647;
			files = (
				50918845240D995D00E54D13 /* ViewController.swift in Sources */,
				50CC8834240E491200FB74A7 /* InsertCell.swift in Sources */,
				50CC883B240E51BA00FB74A7 /* FieldViewController.swift in Sources */,
				50CC8839240E4D7300FB74A7 /* AddViewController.swift in Sources */,
				50918841240D995D00E54D13 /* AppDelegate.swift in Sources */,
				50CC8844240E754900FB74A7 /* CustomNotifications.swift in Sources */,
				5091884B240D995D00E54D13 /* WTC.xcdatamodeld in Sources */,
				50CC8842240E590E00FB74A7 /* EntryClass.swift in Sources */,
				50D7ED36240DB15F00DADDC2 /* DetailViewController.swift in Sources */,
				50918843240D995D00E54D13 /* SceneDelegate.swift in Sources */,
				50CC883E240E552F00FB74A7 /* FieldCell.swift in Sources */,
				50156C74240DAAB400F4B8D3 /* EntrySummaryCell.swift in Sources */,
			);
			runOnlyForDeploymentPostprocessing = 0;
		};
		50918852240D996100E54D13 /* Sources */ = {
			isa = PBXSourcesBuildPhase;
			buildActionMask = 2147483647;
			files = (
				5091885B240D996100E54D13 /* WTCTests.swift in Sources */,
			);
			runOnlyForDeploymentPostprocessing = 0;
		};
		5091885D240D996100E54D13 /* Sources */ = {
			isa = PBXSourcesBuildPhase;
			buildActionMask = 2147483647;
			files = (
				50918866240D996100E54D13 /* WTCUITests.swift in Sources */,
			);
			runOnlyForDeploymentPostprocessing = 0;
		};
/* End PBXSourcesBuildPhase section */

/* Begin PBXTargetDependency section */
		50918858240D996100E54D13 /* PBXTargetDependency */ = {
			isa = PBXTargetDependency;
			target = 5091883C240D995D00E54D13 /* WTC */;
			targetProxy = 50918857240D996100E54D13 /* PBXContainerItemProxy */;
		};
		50918863240D996100E54D13 /* PBXTargetDependency */ = {
			isa = PBXTargetDependency;
			target = 5091883C240D995D00E54D13 /* WTC */;
			targetProxy = 50918862240D996100E54D13 /* PBXContainerItemProxy */;
		};
/* End PBXTargetDependency section */

/* Begin PBXVariantGroup section */
		50918846240D995D00E54D13 /* Main.storyboard */ = {
			isa = PBXVariantGroup;
			children = (
				50918847240D995D00E54D13 /* Base */,
			);
			name = Main.storyboard;
			sourceTree = "<group>";
		};
		5091884E240D996100E54D13 /* LaunchScreen.storyboard */ = {
			isa = PBXVariantGroup;
			children = (
				5091884F240D996100E54D13 /* Base */,
			);
			name = LaunchScreen.storyboard;
			sourceTree = "<group>";
		};
/* End PBXVariantGroup section */

/* Begin XCBuildConfiguration section */
		50918868240D996100E54D13 /* Debug */ = {
			isa = XCBuildConfiguration;
			buildSettings = {
				ALWAYS_SEARCH_USER_PATHS = NO;
				CLANG_ANALYZER_NONNULL = YES;
				CLANG_ANALYZER_NUMBER_OBJECT_CONVERSION = YES_AGGRESSIVE;
				CLANG_CXX_LANGUAGE_STANDARD = "gnu++14";
				CLANG_CXX_LIBRARY = "libc++";
				CLANG_ENABLE_MODULES = YES;
				CLANG_ENABLE_OBJC_ARC = YES;
				CLANG_ENABLE_OBJC_WEAK = YES;
				CLANG_WARN_BLOCK_CAPTURE_AUTORELEASING = YES;
				CLANG_WARN_BOOL_CONVERSION = YES;
				CLANG_WARN_COMMA = YES;
				CLANG_WARN_CONSTANT_CONVERSION = YES;
				CLANG_WARN_DEPRECATED_OBJC_IMPLEMENTATIONS = YES;
				CLANG_WARN_DIRECT_OBJC_ISA_USAGE = YES_ERROR;
				CLANG_WARN_DOCUMENTATION_COMMENTS = YES;
				CLANG_WARN_EMPTY_BODY = YES;
				CLANG_WARN_ENUM_CONVERSION = YES;
				CLANG_WARN_INFINITE_RECURSION = YES;
				CLANG_WARN_INT_CONVERSION = YES;
				CLANG_WARN_NON_LITERAL_NULL_CONVERSION = YES;
				CLANG_WARN_OBJC_IMPLICIT_RETAIN_SELF = YES;
				CLANG_WARN_OBJC_LITERAL_CONVERSION = YES;
				CLANG_WARN_OBJC_ROOT_CLASS = YES_ERROR;
				CLANG_WARN_RANGE_LOOP_ANALYSIS = YES;
				CLANG_WARN_STRICT_PROTOTYPES = YES;
				CLANG_WARN_SUSPICIOUS_MOVE = YES;
				CLANG_WARN_UNGUARDED_AVAILABILITY = YES_AGGRESSIVE;
				CLANG_WARN_UNREACHABLE_CODE = YES;
				CLANG_WARN__DUPLICATE_METHOD_MATCH = YES;
				COPY_PHASE_STRIP = NO;
				DEBUG_INFORMATION_FORMAT = dwarf;
				ENABLE_STRICT_OBJC_MSGSEND = YES;
				ENABLE_TESTABILITY = YES;
				GCC_C_LANGUAGE_STANDARD = gnu11;
				GCC_DYNAMIC_NO_PIC = NO;
				GCC_NO_COMMON_BLOCKS = YES;
				GCC_OPTIMIZATION_LEVEL = 0;
				GCC_PREPROCESSOR_DEFINITIONS = (
					"DEBUG=1",
					"$(inherited)",
				);
				GCC_WARN_64_TO_32_BIT_CONVERSION = YES;
				GCC_WARN_ABOUT_RETURN_TYPE = YES_ERROR;
				GCC_WARN_UNDECLARED_SELECTOR = YES;
				GCC_WARN_UNINITIALIZED_AUTOS = YES_AGGRESSIVE;
				GCC_WARN_UNUSED_FUNCTION = YES;
				GCC_WARN_UNUSED_VARIABLE = YES;
				IPHONEOS_DEPLOYMENT_TARGET = 13.2;
				MTL_ENABLE_DEBUG_INFO = INCLUDE_SOURCE;
				MTL_FAST_MATH = YES;
				ONLY_ACTIVE_ARCH = YES;
				SDKROOT = iphoneos;
				SWIFT_ACTIVE_COMPILATION_CONDITIONS = DEBUG;
				SWIFT_OPTIMIZATION_LEVEL = "-Onone";
			};
			name = Debug;
		};
		50918869240D996100E54D13 /* Release */ = {
			isa = XCBuildConfiguration;
			buildSettings = {
				ALWAYS_SEARCH_USER_PATHS = NO;
				CLANG_ANALYZER_NONNULL = YES;
				CLANG_ANALYZER_NUMBER_OBJECT_CONVERSION = YES_AGGRESSIVE;
				CLANG_CXX_LANGUAGE_STANDARD = "gnu++14";
				CLANG_CXX_LIBRARY = "libc++";
				CLANG_ENABLE_MODULES = YES;
				CLANG_ENABLE_OBJC_ARC = YES;
				CLANG_ENABLE_OBJC_WEAK = YES;
				CLANG_WARN_BLOCK_CAPTURE_AUTORELEASING = YES;
				CLANG_WARN_BOOL_CONVERSION = YES;
				CLANG_WARN_COMMA = YES;
				CLANG_WARN_CONSTANT_CONVERSION = YES;
				CLANG_WARN_DEPRECATED_OBJC_IMPLEMENTATIONS = YES;
				CLANG_WARN_DIRECT_OBJC_ISA_USAGE = YES_ERROR;
				CLANG_WARN_DOCUMENTATION_COMMENTS = YES;
				CLANG_WARN_EMPTY_BODY = YES;
				CLANG_WARN_ENUM_CONVERSION = YES;
				CLANG_WARN_INFINITE_RECURSION = YES;
				CLANG_WARN_INT_CONVERSION = YES;
				CLANG_WARN_NON_LITERAL_NULL_CONVERSION = YES;
				CLANG_WARN_OBJC_IMPLICIT_RETAIN_SELF = YES;
				CLANG_WARN_OBJC_LITERAL_CONVERSION = YES;
				CLANG_WARN_OBJC_ROOT_CLASS = YES_ERROR;
				CLANG_WARN_RANGE_LOOP_ANALYSIS = YES;
				CLANG_WARN_STRICT_PROTOTYPES = YES;
				CLANG_WARN_SUSPICIOUS_MOVE = YES;
				CLANG_WARN_UNGUARDED_AVAILABILITY = YES_AGGRESSIVE;
				CLANG_WARN_UNREACHABLE_CODE = YES;
				CLANG_WARN__DUPLICATE_METHOD_MATCH = YES;
				COPY_PHASE_STRIP = NO;
				DEBUG_INFORMATION_FORMAT = "dwarf-with-dsym";
				ENABLE_NS_ASSERTIONS = NO;
				ENABLE_STRICT_OBJC_MSGSEND = YES;
				GCC_C_LANGUAGE_STANDARD = gnu11;
				GCC_NO_COMMON_BLOCKS = YES;
				GCC_WARN_64_TO_32_BIT_CONVERSION = YES;
				GCC_WARN_ABOUT_RETURN_TYPE = YES_ERROR;
				GCC_WARN_UNDECLARED_SELECTOR = YES;
				GCC_WARN_UNINITIALIZED_AUTOS = YES_AGGRESSIVE;
				GCC_WARN_UNUSED_FUNCTION = YES;
				GCC_WARN_UNUSED_VARIABLE = YES;
				IPHONEOS_DEPLOYMENT_TARGET = 13.2;
				MTL_ENABLE_DEBUG_INFO = NO;
				MTL_FAST_MATH = YES;
				SDKROOT = iphoneos;
				SWIFT_COMPILATION_MODE = wholemodule;
				SWIFT_OPTIMIZATION_LEVEL = "-O";
				VALIDATE_PRODUCT = YES;
			};
			name = Release;
		};
		5091886B240D996100E54D13 /* Debug */ = {
			isa = XCBuildConfiguration;
			buildSettings = {
				ASSETCATALOG_COMPILER_APPICON_NAME = AppIcon;
				CODE_SIGN_IDENTITY = "Apple Development";
				CODE_SIGN_STYLE = Automatic;
				DEVELOPMENT_TEAM = XYA85FESD6;
				INFOPLIST_FILE = WTC/Info.plist;
				LD_RUNPATH_SEARCH_PATHS = (
					"$(inherited)",
					"@executable_path/Frameworks",
				);
				PRODUCT_BUNDLE_IDENTIFIER = com.lorenzoferrante.WTC;
				PRODUCT_NAME = "$(TARGET_NAME)";
				PROVISIONING_PROFILE_SPECIFIER = "";
				SWIFT_VERSION = 5.0;
				TARGETED_DEVICE_FAMILY = "1,2";
			};
			name = Debug;
		};
		5091886C240D996100E54D13 /* Release */ = {
			isa = XCBuildConfiguration;
			buildSettings = {
				ASSETCATALOG_COMPILER_APPICON_NAME = AppIcon;
				CODE_SIGN_IDENTITY = "Apple Development";
				CODE_SIGN_STYLE = Automatic;
				DEVELOPMENT_TEAM = XYA85FESD6;
				INFOPLIST_FILE = WTC/Info.plist;
				LD_RUNPATH_SEARCH_PATHS = (
					"$(inherited)",
					"@executable_path/Frameworks",
				);
				PRODUCT_BUNDLE_IDENTIFIER = com.lorenzoferrante.WTC;
				PRODUCT_NAME = "$(TARGET_NAME)";
				PROVISIONING_PROFILE_SPECIFIER = "";
				SWIFT_VERSION = 5.0;
				TARGETED_DEVICE_FAMILY = "1,2";
			};
			name = Release;
		};
		5091886E240D996100E54D13 /* Debug */ = {
			isa = XCBuildConfiguration;
			buildSettings = {
				ALWAYS_EMBED_SWIFT_STANDARD_LIBRARIES = YES;
				BUNDLE_LOADER = "$(TEST_HOST)";
				CODE_SIGN_STYLE = Automatic;
				DEVELOPMENT_TEAM = XYA85FESD6;
				INFOPLIST_FILE = WTCTests/Info.plist;
				IPHONEOS_DEPLOYMENT_TARGET = 13.2;
				LD_RUNPATH_SEARCH_PATHS = (
					"$(inherited)",
					"@executable_path/Frameworks",
					"@loader_path/Frameworks",
				);
				PRODUCT_BUNDLE_IDENTIFIER = com.lorenzoferrante.WTCTests;
				PRODUCT_NAME = "$(TARGET_NAME)";
				SWIFT_VERSION = 5.0;
				TARGETED_DEVICE_FAMILY = "1,2";
				TEST_HOST = "$(BUILT_PRODUCTS_DIR)/WTC.app/WTC";
			};
			name = Debug;
		};
		5091886F240D996100E54D13 /* Release */ = {
			isa = XCBuildConfiguration;
			buildSettings = {
				ALWAYS_EMBED_SWIFT_STANDARD_LIBRARIES = YES;
				BUNDLE_LOADER = "$(TEST_HOST)";
				CODE_SIGN_STYLE = Automatic;
				DEVELOPMENT_TEAM = XYA85FESD6;
				INFOPLIST_FILE = WTCTests/Info.plist;
				IPHONEOS_DEPLOYMENT_TARGET = 13.2;
				LD_RUNPATH_SEARCH_PATHS = (
					"$(inherited)",
					"@executable_path/Frameworks",
					"@loader_path/Frameworks",
				);
				PRODUCT_BUNDLE_IDENTIFIER = com.lorenzoferrante.WTCTests;
				PRODUCT_NAME = "$(TARGET_NAME)";
				SWIFT_VERSION = 5.0;
				TARGETED_DEVICE_FAMILY = "1,2";
				TEST_HOST = "$(BUILT_PRODUCTS_DIR)/WTC.app/WTC";
			};
			name = Release;
		};
		50918871240D996100E54D13 /* Debug */ = {
			isa = XCBuildConfiguration;
			buildSettings = {
				ALWAYS_EMBED_SWIFT_STANDARD_LIBRARIES = YES;
				CODE_SIGN_STYLE = Automatic;
				DEVELOPMENT_TEAM = XYA85FESD6;
				INFOPLIST_FILE = WTCUITests/Info.plist;
				LD_RUNPATH_SEARCH_PATHS = (
					"$(inherited)",
					"@executable_path/Frameworks",
					"@loader_path/Frameworks",
				);
				PRODUCT_BUNDLE_IDENTIFIER = com.lorenzoferrante.WTCUITests;
				PRODUCT_NAME = "$(TARGET_NAME)";
				SWIFT_VERSION = 5.0;
				TARGETED_DEVICE_FAMILY = "1,2";
				TEST_TARGET_NAME = WTC;
			};
			name = Debug;
		};
		50918872240D996100E54D13 /* Release */ = {
			isa = XCBuildConfiguration;
			buildSettings = {
				ALWAYS_EMBED_SWIFT_STANDARD_LIBRARIES = YES;
				CODE_SIGN_STYLE = Automatic;
				DEVELOPMENT_TEAM = XYA85FESD6;
				INFOPLIST_FILE = WTCUITests/Info.plist;
				LD_RUNPATH_SEARCH_PATHS = (
					"$(inherited)",
					"@executable_path/Frameworks",
					"@loader_path/Frameworks",
				);
				PRODUCT_BUNDLE_IDENTIFIER = com.lorenzoferrante.WTCUITests;
				PRODUCT_NAME = "$(TARGET_NAME)";
				SWIFT_VERSION = 5.0;
				TARGETED_DEVICE_FAMILY = "1,2";
				TEST_TARGET_NAME = WTC;
			};
			name = Release;
		};
/* End XCBuildConfiguration section */

/* Begin XCConfigurationList section */
		50918838240D995D00E54D13 /* Build configuration list for PBXProject "WTC" */ = {
			isa = XCConfigurationList;
			buildConfigurations = (
				50918868240D996100E54D13 /* Debug */,
				50918869240D996100E54D13 /* Release */,
			);
			defaultConfigurationIsVisible = 0;
			defaultConfigurationName = Release;
		};
		5091886A240D996100E54D13 /* Build configuration list for PBXNativeTarget "WTC" */ = {
			isa = XCConfigurationList;
			buildConfigurations = (
				5091886B240D996100E54D13 /* Debug */,
				5091886C240D996100E54D13 /* Release */,
			);
			defaultConfigurationIsVisible = 0;
			defaultConfigurationName = Release;
		};
		5091886D240D996100E54D13 /* Build configuration list for PBXNativeTarget "WTCTests" */ = {
			isa = XCConfigurationList;
			buildConfigurations = (
				5091886E240D996100E54D13 /* Debug */,
				5091886F240D996100E54D13 /* Release */,
			);
			defaultConfigurationIsVisible = 0;
			defaultConfigurationName = Release;
		};
		50918870240D996100E54D13 /* Build configuration list for PBXNativeTarget "WTCUITests" */ = {
			isa = XCConfigurationList;
			buildConfigurations = (
				50918871240D996100E54D13 /* Debug */,
				50918872240D996100E54D13 /* Release */,
			);
			defaultConfigurationIsVisible = 0;
			defaultConfigurationName = Release;
		};
/* End XCConfigurationList section */

/* Begin XCVersionGroup section */
		50918849240D995D00E54D13 /* WTC.xcdatamodeld */ = {
			isa = XCVersionGroup;
			children = (
				5091884A240D995D00E54D13 /* WTC.xcdatamodel */,
			);
			currentVersion = 5091884A240D995D00E54D13 /* WTC.xcdatamodel */;
			path = WTC.xcdatamodeld;
			sourceTree = "<group>";
			versionGroupType = wrapper.xcdatamodel;
		};
/* End XCVersionGroup section */
	};
	rootObject = 50918835240D995D00E54D13 /* Project object */;
}
